
Microsoft Visual Studio Solution File, Format Version 12.00
# Visual Studio 15
VisualStudioVersion = 15.0.28307.572
MinimumVisualStudioVersion = 10.0.40219.1
Project("{FAE04EC0-301F-11D3-BF4B-00C04F79EFBC}") = "MMOasisAlajuela", "MMOasisAlajuela\MMOasisAlajuela.csproj", "{666ACA55-A1AB-4E72-AF3E-4052290D5949}"
EndProject
Global
	GlobalSection(SolutionConfigurationPlatforms) = preSolution
		Debug|Any CPU = Debug|Any CPU
		Release|Any CPU = Release|Any CPU
	EndGlobalSection
	GlobalSection(ProjectConfigurationPlatforms) = postSolution
		{666ACA55-A1AB-4E72-AF3E-4052290D5949}.Debug|Any CPU.ActiveCfg = Debug|Any CPU
		{666ACA55-A1AB-4E72-AF3E-4052290D5949}.Debug|Any CPU.Build.0 = Debug|Any CPU
		{666ACA55-A1AB-4E72-AF3E-4052290D5949}.Release|Any CPU.ActiveCfg = Release|Any CPU
		{666ACA55-A1AB-4E72-AF3E-4052290D5949}.Release|Any CPU.Build.0 = Release|Any CPU
	EndGlobalSection
	GlobalSection(SolutionProperties) = preSolution
		HideSolutionNode = FALSE
	EndGlobalSection
	GlobalSection(ExtensibilityGlobals) = postSolution
		SolutionGuid = {473249BA-3FDE-47C2-A098-E023F0C4E499}
	EndGlobalSection
EndGlobal
